// !$*UTF8*$!
{
	archiveVersion = 1;
	classes = {
	};
	objectVersion = 50;
	objects = {

/* Begin PBXBuildFile section */
		46E262AB249FA596005F70A4 /* AppDelegate.swift in Sources */ = {isa = PBXBuildFile; fileRef = 46E262AA249FA596005F70A4 /* AppDelegate.swift */; };
		46E262AD249FA596005F70A4 /* SceneDelegate.swift in Sources */ = {isa = PBXBuildFile; fileRef = 46E262AC249FA596005F70A4 /* SceneDelegate.swift */; };
		46E262AF249FA596005F70A4 /* ViewController.swift in Sources */ = {isa = PBXBuildFile; fileRef = 46E262AE249FA596005F70A4 /* ViewController.swift */; };
		46E262B2249FA596005F70A4 /* Main.storyboard in Resources */ = {isa = PBXBuildFile; fileRef = 46E262B0249FA596005F70A4 /* Main.storyboard */; };
		46E262B4249FA598005F70A4 /* Assets.xcassets in Resources */ = {isa = PBXBuildFile; fileRef = 46E262B3249FA598005F70A4 /* Assets.xcassets */; };
		46E262B7249FA598005F70A4 /* LaunchScreen.storyboard in Resources */ = {isa = PBXBuildFile; fileRef = 46E262B5249FA598005F70A4 /* LaunchScreen.storyboard */; };
/* End PBXBuildFile section */

/* Begin PBXFileReference section */
		46E262A7249FA596005F70A4 /* Cocktail Factory.app */ = {isa = PBXFileReference; explicitFileType = wrapper.application; includeInIndex = 0; path = "Cocktail Factory.app"; sourceTree = BUILT_PRODUCTS_DIR; };
		46E262AA249FA596005F70A4 /* AppDelegate.swift */ = {isa = PBXFileReference; lastKnownFileType = sourcecode.swift; path = AppDelegate.swift; sourceTree = "<group>"; };
		46E262AC249FA596005F70A4 /* SceneDelegate.swift */ = {isa = PBXFileReference; lastKnownFileType = sourcecode.swift; path = SceneDelegate.swift; sourceTree = "<group>"; };
		46E262AE249FA596005F70A4 /* ViewController.swift */ = {isa = PBXFileReference; lastKnownFileType = sourcecode.swift; path = ViewController.swift; sourceTree = "<group>"; };
		46E262B1249FA596005F70A4 /* Base */ = {isa = PBXFileReference; lastKnownFileType = file.storyboard; name = Base; path = Base.lproj/Main.storyboard; sourceTree = "<group>"; };
		46E262B3249FA598005F70A4 /* Assets.xcassets */ = {isa = PBXFileReference; lastKnownFileType = folder.assetcatalog; path = Assets.xcassets; sourceTree = "<group>"; };
		46E262B6249FA598005F70A4 /* Base */ = {isa = PBXFileReference; lastKnownFileType = file.storyboard; name = Base; path = Base.lproj/LaunchScreen.storyboard; sourceTree = "<group>"; };
		46E262B8249FA598005F70A4 /* Info.plist */ = {isa = PBXFileReference; lastKnownFileType = text.plist.xml; path = Info.plist; sourceTree = "<group>"; };
/* End PBXFileReference section */

/* Begin PBXFrameworksBuildPhase section */
		46E262A4249FA596005F70A4 /* Frameworks */ = {
			isa = PBXFrameworksBuildPhase;
			buildActionMask = 2147483647;
			files = (
			);
			runOnlyForDeploymentPostprocessing = 0;
		};
/* End PBXFrameworksBuildPhase section */

/* Begin PBXGroup section */
		46E2629E249FA596005F70A4 = {
			isa = PBXGroup;
			children = (
				46E262A9249FA596005F70A4 /* Cocktail Factory */,
				46E262A8249FA596005F70A4 /* Products */,
			);
			sourceTree = "<group>";
		};
		46E262A8249FA596005F70A4 /* Products */ = {
			isa = PBXGroup;
			children = (
				46E262A7249FA596005F70A4 /* Cocktail Factory.app */,
			);
			name = Products;
			sourceTree = "<group>";
		};
		46E262A9249FA596005F70A4 /* Cocktail Factory */ = {
			isa = PBXGroup;
			children = (
				46E262AA249FA596005F70A4 /* AppDelegate.swift */,
				46E262AC249FA596005F70A4 /* SceneDelegate.swift */,
				46E262AE249FA596005F70A4 /* ViewController.swift */,
				46E262B0249FA596005F70A4 /* Main.storyboard */,
				46E262B3249FA598005F70A4 /* Assets.xcassets */,
				46E262B5249FA598005F70A4 /* LaunchScreen.storyboard */,
				46E262B8249FA598005F70A4 /* Info.plist */,
			);
			path = "Cocktail Factory";
			sourceTree = "<group>";
		};
/* End PBXGroup section */

/* Begin PBXNativeTarget section */
		46E262A6249FA596005F70A4 /* Cocktail Factory */ = {
			isa = PBXNativeTarget;
			buildConfigurationList = 46E262BB249FA598005F70A4 /* Build configuration list for PBXNativeTarget "Cocktail Factory" */;
			buildPhases = (
				46E262A3249FA596005F70A4 /* Sources */,
				46E262A4249FA596005F70A4 /* Frameworks */,
				46E262A5249FA596005F70A4 /* Resources */,
			);
			buildRules = (
			);
			dependencies = (
			);
			name = "Cocktail Factory";
			productName = "Cocktail Factory";
			productReference = 46E262A7249FA596005F70A4 /* Cocktail Factory.app */;
			productType = "com.apple.product-type.application";
		};
/* End PBXNativeTarget section */

/* Begin PBXProject section */
		46E2629F249FA596005F70A4 /* Project object */ = {
			isa = PBXProject;
			attributes = {
				LastSwiftUpdateCheck = 1150;
				LastUpgradeCheck = 1150;
				ORGANIZATIONNAME = "Nyan Lin Tun";
				TargetAttributes = {
					46E262A6249FA596005F70A4 = {
						CreatedOnToolsVersion = 11.5;
					};
				};
			};
			buildConfigurationList = 46E262A2249FA596005F70A4 /* Build configuration list for PBXProject "Cocktail Factory" */;
			compatibilityVersion = "Xcode 9.3";
			developmentRegion = en;
			hasScannedForEncodings = 0;
			knownRegions = (
				en,
				Base,
			);
			mainGroup = 46E2629E249FA596005F70A4;
			productRefGroup = 46E262A8249FA596005F70A4 /* Products */;
			projectDirPath = "";
			projectRoot = "";
			targets = (
				46E262A6249FA596005F70A4 /* Cocktail Factory */,
			);
		};
/* End PBXProject section */

/* Begin PBXResourcesBuildPhase section */
		46E262A5249FA596005F70A4 /* Resources */ = {
			isa = PBXResourcesBuildPhase;
			buildActionMask = 2147483647;
			files = (
				46E262B7249FA598005F70A4 /* LaunchScreen.storyboard in Resources */,
				46E262B4249FA598005F70A4 /* Assets.xcassets in Resources */,
				46E262B2249FA596005F70A4 /* Main.storyboard in Resources */,
			);
			runOnlyForDeploymentPostprocessing = 0;
		};
/* End PBXResourcesBuildPhase section */

/* Begin PBXSourcesBuildPhase section */
		46E262A3249FA596005F70A4 /* Sources */ = {
			isa = PBXSourcesBuildPhase;
			buildActionMask = 2147483647;
			files = (
				46E262AF249FA596005F70A4 /* ViewController.swift in Sources */,
				46E262AB249FA596005F70A4 /* AppDelegate.swift in Sources */,
				46E262AD249FA596005F70A4 /* SceneDelegate.swift in Sources */,
			);
			runOnlyForDeploymentPostprocessing = 0;
		};
/* End PBXSourcesBuildPhase section */

/* Begin PBXVariantGroup section */
		46E262B0249FA596005F70A4 /* Main.storyboard */ = {
			isa = PBXVariantGroup;
			children = (
				46E262B1249FA596005F70A4 /* Base */,
			);
			name = Main.storyboard;
			sourceTree = "<group>";
		};
		46E262B5249FA598005F70A4 /* LaunchScreen.storyboard */ = {
			isa = PBXVariantGroup;
			children = (
				46E262B6249FA598005F70A4 /* Base */,
			);
			name = LaunchScreen.storyboard;
			sourceTree = "<group>";
		};
/* End PBXVariantGroup section */

/* Begin XCBuildConfiguration section */
		46E262B9249FA598005F70A4 /* Debug */ = {
			isa = XCBuildConfiguration;
			buildSettings = {
				ALWAYS_SEARCH_USER_PATHS = NO;
				CLANG_ANALYZER_NONNULL = YES;
				CLANG_ANALYZER_NUMBER_OBJECT_CONVERSION = YES_AGGRESSIVE;
				CLANG_CXX_LANGUAGE_STANDARD = "gnu++14";
				CLANG_CXX_LIBRARY = "libc++";
				CLANG_ENABLE_MODULES = YES;
				CLANG_ENABLE_OBJC_ARC = YES;
				CLANG_ENABLE_OBJC_WEAK = YES;
				CLANG_WARN_BLOCK_CAPTURE_AUTORELEASING = YES;
				CLANG_WARN_BOOL_CONVERSION = YES;
				CLANG_WARN_COMMA = YES;
				CLANG_WARN_CONSTANT_CONVERSION = YES;
				CLANG_WARN_DEPRECATED_OBJC_IMPLEMENTATIONS = YES;
				CLANG_WARN_DIRECT_OBJC_ISA_USAGE = YES_ERROR;
				CLANG_WARN_DOCUMENTATION_COMMENTS = YES;
				CLANG_WARN_EMPTY_BODY = YES;
				CLANG_WARN_ENUM_CONVERSION = YES;
				CLANG_WARN_INFINITE_RECURSION = YES;
				CLANG_WARN_INT_CONVERSION = YES;
				CLANG_WARN_NON_LITERAL_NULL_CONVERSION = YES;
				CLANG_WARN_OBJC_IMPLICIT_RETAIN_SELF = YES;
				CLANG_WARN_OBJC_LITERAL_CONVERSION = YES;
				CLANG_WARN_OBJC_ROOT_CLASS = YES_ERROR;
				CLANG_WARN_RANGE_LOOP_ANALYSIS = YES;
				CLANG_WARN_STRICT_PROTOTYPES = YES;
				CLANG_WARN_SUSPICIOUS_MOVE = YES;
				CLANG_WARN_UNGUARDED_AVAILABILITY = YES_AGGRESSIVE;
				CLANG_WARN_UNREACHABLE_CODE = YES;
				CLANG_WARN__DUPLICATE_METHOD_MATCH = YES;
				COPY_PHASE_STRIP = NO;
				DEBUG_INFORMATION_FORMAT = dwarf;
				ENABLE_STRICT_OBJC_MSGSEND = YES;
				ENABLE_TESTABILITY = YES;
				GCC_C_LANGUAGE_STANDARD = gnu11;
				GCC_DYNAMIC_NO_PIC = NO;
				GCC_NO_COMMON_BLOCKS = YES;
				GCC_OPTIMIZATION_LEVEL = 0;
				GCC_PREPROCESSOR_DEFINITIONS = (
					"DEBUG=1",
					"$(inherited)",
				);
				GCC_WARN_64_TO_32_BIT_CONVERSION = YES;
				GCC_WARN_ABOUT_RETURN_TYPE = YES_ERROR;
				GCC_WARN_UNDECLARED_SELECTOR = YES;
				GCC_WARN_UNINITIALIZED_AUTOS = YES_AGGRESSIVE;
				GCC_WARN_UNUSED_FUNCTION = YES;
				GCC_WARN_UNUSED_VARIABLE = YES;
				IPHONEOS_DEPLOYMENT_TARGET = 13.5;
				MTL_ENABLE_DEBUG_INFO = INCLUDE_SOURCE;
				MTL_FAST_MATH = YES;
				ONLY_ACTIVE_ARCH = YES;
				SDKROOT = iphoneos;
				SWIFT_ACTIVE_COMPILATION_CONDITIONS = DEBUG;
				SWIFT_OPTIMIZATION_LEVEL = "-Onone";
			};
			name = Debug;
		};
		46E262BA249FA598005F70A4 /* Release */ = {
			isa = XCBuildConfiguration;
			buildSettings = {
				ALWAYS_SEARCH_USER_PATHS = NO;
				CLANG_ANALYZER_NONNULL = YES;
				CLANG_ANALYZER_NUMBER_OBJECT_CONVERSION = YES_AGGRESSIVE;
				CLANG_CXX_LANGUAGE_STANDARD = "gnu++14";
				CLANG_CXX_LIBRARY = "libc++";
				CLANG_ENABLE_MODULES = YES;
				CLANG_ENABLE_OBJC_ARC = YES;
				CLANG_ENABLE_OBJC_WEAK = YES;
				CLANG_WARN_BLOCK_CAPTURE_AUTORELEASING = YES;
				CLANG_WARN_BOOL_CONVERSION = YES;
				CLANG_WARN_COMMA = YES;
				CLANG_WARN_CONSTANT_CONVERSION = YES;
				CLANG_WARN_DEPRECATED_OBJC_IMPLEMENTATIONS = YES;
				CLANG_WARN_DIRECT_OBJC_ISA_USAGE = YES_ERROR;
				CLANG_WARN_DOCUMENTATION_COMMENTS = YES;
				CLANG_WARN_EMPTY_BODY = YES;
				CLANG_WARN_ENUM_CONVERSION = YES;
				CLANG_WARN_INFINITE_RECURSION = YES;
				CLANG_WARN_INT_CONVERSION = YES;
				CLANG_WARN_NON_LITERAL_NULL_CONVERSION = YES;
				CLANG_WARN_OBJC_IMPLICIT_RETAIN_SELF = YES;
				CLANG_WARN_OBJC_LITERAL_CONVERSION = YES;
				CLANG_WARN_OBJC_ROOT_CLASS = YES_ERROR;
				CLANG_WARN_RANGE_LOOP_ANALYSIS = YES;
				CLANG_WARN_STRICT_PROTOTYPES = YES;
				CLANG_WARN_SUSPICIOUS_MOVE = YES;
				CLANG_WARN_UNGUARDED_AVAILABILITY = YES_AGGRESSIVE;
				CLANG_WARN_UNREACHABLE_CODE = YES;
				CLANG_WARN__DUPLICATE_METHOD_MATCH = YES;
				COPY_PHASE_STRIP = NO;
				DEBUG_INFORMATION_FORMAT = "dwarf-with-dsym";
				ENABLE_NS_ASSERTIONS = NO;
				ENABLE_STRICT_OBJC_MSGSEND = YES;
				GCC_C_LANGUAGE_STANDARD = gnu11;
				GCC_NO_COMMON_BLOCKS = YES;
				GCC_WARN_64_TO_32_BIT_CONVERSION = YES;
				GCC_WARN_ABOUT_RETURN_TYPE = YES_ERROR;
				GCC_WARN_UNDECLARED_SELECTOR = YES;
				GCC_WARN_UNINITIALIZED_AUTOS = YES_AGGRESSIVE;
				GCC_WARN_UNUSED_FUNCTION = YES;
				GCC_WARN_UNUSED_VARIABLE = YES;
				IPHONEOS_DEPLOYMENT_TARGET = 13.5;
				MTL_ENABLE_DEBUG_INFO = NO;
				MTL_FAST_MATH = YES;
				SDKROOT = iphoneos;
				SWIFT_COMPILATION_MODE = wholemodule;
				SWIFT_OPTIMIZATION_LEVEL = "-O";
				VALIDATE_PRODUCT = YES;
			};
			name = Release;
		};
		46E262BC249FA598005F70A4 /* Debug */ = {
			isa = XCBuildConfiguration;
			buildSettings = {
				ASSETCATALOG_COMPILER_APPICON_NAME = AppIcon;
				CODE_SIGN_STYLE = Automatic;
				DEVELOPMENT_TEAM = D5GPZ6WYCA;
				INFOPLIST_FILE = "Cocktail Factory/Info.plist";
				LD_RUNPATH_SEARCH_PATHS = (
					"$(inherited)",
					"@executable_path/Frameworks",
				);
				PRODUCT_BUNDLE_IDENTIFIER = "me.nyanlintun.Cocktail-Factory";
				PRODUCT_NAME = "$(TARGET_NAME)";
				SWIFT_VERSION = 5.0;
				TARGETED_DEVICE_FAMILY = "1,2";
			};
			name = Debug;
		};
		46E262BD249FA598005F70A4 /* Release */ = {
			isa = XCBuildConfiguration;
			buildSettings = {
				ASSETCATALOG_COMPILER_APPICON_NAME = AppIcon;
				CODE_SIGN_STYLE = Automatic;
				DEVELOPMENT_TEAM = D5GPZ6WYCA;
				INFOPLIST_FILE = "Cocktail Factory/Info.plist";
				LD_RUNPATH_SEARCH_PATHS = (
					"$(inherited)",
					"@executable_path/Frameworks",
				);
				PRODUCT_BUNDLE_IDENTIFIER = "me.nyanlintun.Cocktail-Factory";
				PRODUCT_NAME = "$(TARGET_NAME)";
				SWIFT_VERSION = 5.0;
				TARGETED_DEVICE_FAMILY = "1,2";
			};
			name = Release;
		};
/* End XCBuildConfiguration section */

/* Begin XCConfigurationList section */
		46E262A2249FA596005F70A4 /* Build configuration list for PBXProject "Cocktail Factory" */ = {
			isa = XCConfigurationList;
			buildConfigurations = (
				46E262B9249FA598005F70A4 /* Debug */,
				46E262BA249FA598005F70A4 /* Release */,
			);
			defaultConfigurationIsVisible = 0;
			defaultConfigurationName = Release;
		};
		46E262BB249FA598005F70A4 /* Build configuration list for PBXNativeTarget "Cocktail Factory" */ = {
			isa = XCConfigurationList;
			buildConfigurations = (
				46E262BC249FA598005F70A4 /* Debug */,
				46E262BD249FA598005F70A4 /* Release */,
			);
			defaultConfigurationIsVisible = 0;
			defaultConfigurationName = Release;
		};
/* End XCConfigurationList section */
	};
	rootObject = 46E2629F249FA596005F70A4 /* Project object */;
}
