// !$*UTF8*$!
{
	archiveVersion = 1;
	classes = {
	};
	objectVersion = 50;
	objects = {

/* Begin PBXBuildFile section */
		4685212224A07A79006B9656 /* APIRoutes.swift in Sources */ = {isa = PBXBuildFile; fileRef = 4685212124A07A79006B9656 /* APIRoutes.swift */; };
		4685212524A07BE8006B9656 /* LocalReachability.swift in Sources */ = {isa = PBXBuildFile; fileRef = 4685212424A07BE8006B9656 /* LocalReachability.swift */; };
		4685212824A08575006B9656 /* DrinkCollectionViewController.swift in Sources */ = {isa = PBXBuildFile; fileRef = 4685212724A08575006B9656 /* DrinkCollectionViewController.swift */; };
		4685212C24A08746006B9656 /* DrinkCollectionViewCell.swift in Sources */ = {isa = PBXBuildFile; fileRef = 4685212A24A08746006B9656 /* DrinkCollectionViewCell.swift */; };
		4685212D24A08746006B9656 /* DrinkCollectionViewCell.xib in Resources */ = {isa = PBXBuildFile; fileRef = 4685212B24A08746006B9656 /* DrinkCollectionViewCell.xib */; };
		4685213024A08C37006B9656 /* CategoryFilterResponse.swift in Sources */ = {isa = PBXBuildFile; fileRef = 4685212F24A08C37006B9656 /* CategoryFilterResponse.swift */; };
		4685213224A08C40006B9656 /* CategoryFilterDrinks.swift in Sources */ = {isa = PBXBuildFile; fileRef = 4685213124A08C40006B9656 /* CategoryFilterDrinks.swift */; };
		4685213624A0AF8A006B9656 /* GlassResponse.swift in Sources */ = {isa = PBXBuildFile; fileRef = 4685213524A0AF8A006B9656 /* GlassResponse.swift */; };
		4685213824A0AFC5006B9656 /* Glass.swift in Sources */ = {isa = PBXBuildFile; fileRef = 4685213724A0AFC5006B9656 /* Glass.swift */; };
		4685213A24A0B130006B9656 /* GlassTableViewController.swift in Sources */ = {isa = PBXBuildFile; fileRef = 4685213924A0B130006B9656 /* GlassTableViewController.swift */; };
		4685213C24A0B1A5006B9656 /* GlassCollectionViewController.swift in Sources */ = {isa = PBXBuildFile; fileRef = 4685213B24A0B1A5006B9656 /* GlassCollectionViewController.swift */; };
		4685214124A0BEB4006B9656 /* RandomCocktailResponse.swift in Sources */ = {isa = PBXBuildFile; fileRef = 4685214024A0BEB4006B9656 /* RandomCocktailResponse.swift */; };
		4685214324A0BEC5006B9656 /* Cocktail.swift in Sources */ = {isa = PBXBuildFile; fileRef = 4685214224A0BEC5006B9656 /* Cocktail.swift */; };
		46B28B1F24C393AE0087F03D /* DrinkDetailCollectionViewController.swift in Sources */ = {isa = PBXBuildFile; fileRef = 46B28B1E24C393AE0087F03D /* DrinkDetailCollectionViewController.swift */; };
		46B28B2324C463860087F03D /* DrinkHeaderCollectionViewCell.swift in Sources */ = {isa = PBXBuildFile; fileRef = 46B28B2124C463860087F03D /* DrinkHeaderCollectionViewCell.swift */; };
		46B28B2424C463860087F03D /* DrinkHeaderCollectionViewCell.xib in Resources */ = {isa = PBXBuildFile; fileRef = 46B28B2224C463860087F03D /* DrinkHeaderCollectionViewCell.xib */; };
		46B28B2724C46FD20087F03D /* CellRegistrations+Extensions.swift in Sources */ = {isa = PBXBuildFile; fileRef = 46B28B2624C46FD20087F03D /* CellRegistrations+Extensions.swift */; };
		46B28B2A24C47D290087F03D /* HomeCollectionViewController.swift in Sources */ = {isa = PBXBuildFile; fileRef = 46B28B2924C47D290087F03D /* HomeCollectionViewController.swift */; };
		46B28B2F24C47D590087F03D /* HomeHeaderCollectionViewCell.swift in Sources */ = {isa = PBXBuildFile; fileRef = 46B28B2D24C47D590087F03D /* HomeHeaderCollectionViewCell.swift */; };
		46B28B3024C47D590087F03D /* HomeHeaderCollectionViewCell.xib in Resources */ = {isa = PBXBuildFile; fileRef = 46B28B2E24C47D590087F03D /* HomeHeaderCollectionViewCell.xib */; };
		46B28B3524C4846D0087F03D /* HomeTitleCollectionViewCell.swift in Sources */ = {isa = PBXBuildFile; fileRef = 46B28B3324C4846D0087F03D /* HomeTitleCollectionViewCell.swift */; };
		46B28B3624C4846D0087F03D /* HomeTitleCollectionViewCell.xib in Resources */ = {isa = PBXBuildFile; fileRef = 46B28B3424C4846D0087F03D /* HomeTitleCollectionViewCell.xib */; };
		46B28B3A24C485F30087F03D /* HomeDrinkCollectionViewCell.swift in Sources */ = {isa = PBXBuildFile; fileRef = 46B28B3824C485F30087F03D /* HomeDrinkCollectionViewCell.swift */; };
		46B28B3B24C485F30087F03D /* HomeDrinkCollectionViewCell.xib in Resources */ = {isa = PBXBuildFile; fileRef = 46B28B3924C485F30087F03D /* HomeDrinkCollectionViewCell.xib */; };
		46B28B3D24C48C3D0087F03D /* AlcoholTypeCollectionViewController.swift in Sources */ = {isa = PBXBuildFile; fileRef = 46B28B3C24C48C3D0087F03D /* AlcoholTypeCollectionViewController.swift */; };
		46E262AB249FA596005F70A4 /* AppDelegate.swift in Sources */ = {isa = PBXBuildFile; fileRef = 46E262AA249FA596005F70A4 /* AppDelegate.swift */; };
		46E262AD249FA596005F70A4 /* SceneDelegate.swift in Sources */ = {isa = PBXBuildFile; fileRef = 46E262AC249FA596005F70A4 /* SceneDelegate.swift */; };
		46E262B2249FA596005F70A4 /* Main.storyboard in Resources */ = {isa = PBXBuildFile; fileRef = 46E262B0249FA596005F70A4 /* Main.storyboard */; };
		46E262B4249FA598005F70A4 /* Assets.xcassets in Resources */ = {isa = PBXBuildFile; fileRef = 46E262B3249FA598005F70A4 /* Assets.xcassets */; };
		46E262B7249FA598005F70A4 /* LaunchScreen.storyboard in Resources */ = {isa = PBXBuildFile; fileRef = 46E262B5249FA598005F70A4 /* LaunchScreen.storyboard */; };
		46E262C2249FC8EF005F70A4 /* GenericNetwork.swift in Sources */ = {isa = PBXBuildFile; fileRef = 46E262C1249FC8EF005F70A4 /* GenericNetwork.swift */; };
		46E262C4249FD009005F70A4 /* GenericNetworkProtocol.swift in Sources */ = {isa = PBXBuildFile; fileRef = 46E262C3249FD009005F70A4 /* GenericNetworkProtocol.swift */; };
		46E262C7249FD63A005F70A4 /* CategoryTableViewController.swift in Sources */ = {isa = PBXBuildFile; fileRef = 46E262C6249FD63A005F70A4 /* CategoryTableViewController.swift */; };
		46E262CB249FD6B7005F70A4 /* CategoryResponse.swift in Sources */ = {isa = PBXBuildFile; fileRef = 46E262CA249FD6B7005F70A4 /* CategoryResponse.swift */; };
		46E262CD249FD6D6005F70A4 /* Drink.swift in Sources */ = {isa = PBXBuildFile; fileRef = 46E262CC249FD6D6005F70A4 /* Drink.swift */; };
		46E262D0249FD7DB005F70A4 /* NetworkManager.swift in Sources */ = {isa = PBXBuildFile; fileRef = 46E262CF249FD7DB005F70A4 /* NetworkManager.swift */; };
		46E262D3249FD87E005F70A4 /* NetworkManagerProtocol.swift in Sources */ = {isa = PBXBuildFile; fileRef = 46E262D2249FD87E005F70A4 /* NetworkManagerProtocol.swift */; };
/* End PBXBuildFile section */

/* Begin PBXFileReference section */
		4685212124A07A79006B9656 /* APIRoutes.swift */ = {isa = PBXFileReference; lastKnownFileType = sourcecode.swift; path = APIRoutes.swift; sourceTree = "<group>"; };
		4685212424A07BE8006B9656 /* LocalReachability.swift */ = {isa = PBXFileReference; lastKnownFileType = sourcecode.swift; path = LocalReachability.swift; sourceTree = "<group>"; };
		4685212724A08575006B9656 /* DrinkCollectionViewController.swift */ = {isa = PBXFileReference; lastKnownFileType = sourcecode.swift; path = DrinkCollectionViewController.swift; sourceTree = "<group>"; };
		4685212A24A08746006B9656 /* DrinkCollectionViewCell.swift */ = {isa = PBXFileReference; lastKnownFileType = sourcecode.swift; path = DrinkCollectionViewCell.swift; sourceTree = "<group>"; };
		4685212B24A08746006B9656 /* DrinkCollectionViewCell.xib */ = {isa = PBXFileReference; lastKnownFileType = file.xib; path = DrinkCollectionViewCell.xib; sourceTree = "<group>"; };
		4685212F24A08C37006B9656 /* CategoryFilterResponse.swift */ = {isa = PBXFileReference; lastKnownFileType = sourcecode.swift; path = CategoryFilterResponse.swift; sourceTree = "<group>"; };
		4685213124A08C40006B9656 /* CategoryFilterDrinks.swift */ = {isa = PBXFileReference; lastKnownFileType = sourcecode.swift; path = CategoryFilterDrinks.swift; sourceTree = "<group>"; };
		4685213524A0AF8A006B9656 /* GlassResponse.swift */ = {isa = PBXFileReference; lastKnownFileType = sourcecode.swift; path = GlassResponse.swift; sourceTree = "<group>"; };
		4685213724A0AFC5006B9656 /* Glass.swift */ = {isa = PBXFileReference; lastKnownFileType = sourcecode.swift; path = Glass.swift; sourceTree = "<group>"; };
		4685213924A0B130006B9656 /* GlassTableViewController.swift */ = {isa = PBXFileReference; lastKnownFileType = sourcecode.swift; path = GlassTableViewController.swift; sourceTree = "<group>"; };
		4685213B24A0B1A5006B9656 /* GlassCollectionViewController.swift */ = {isa = PBXFileReference; lastKnownFileType = sourcecode.swift; path = GlassCollectionViewController.swift; sourceTree = "<group>"; };
		4685214024A0BEB4006B9656 /* RandomCocktailResponse.swift */ = {isa = PBXFileReference; lastKnownFileType = sourcecode.swift; path = RandomCocktailResponse.swift; sourceTree = "<group>"; };
		4685214224A0BEC5006B9656 /* Cocktail.swift */ = {isa = PBXFileReference; lastKnownFileType = sourcecode.swift; path = Cocktail.swift; sourceTree = "<group>"; };
		46B28B1E24C393AE0087F03D /* DrinkDetailCollectionViewController.swift */ = {isa = PBXFileReference; lastKnownFileType = sourcecode.swift; path = DrinkDetailCollectionViewController.swift; sourceTree = "<group>"; };
		46B28B2124C463860087F03D /* DrinkHeaderCollectionViewCell.swift */ = {isa = PBXFileReference; lastKnownFileType = sourcecode.swift; path = DrinkHeaderCollectionViewCell.swift; sourceTree = "<group>"; };
		46B28B2224C463860087F03D /* DrinkHeaderCollectionViewCell.xib */ = {isa = PBXFileReference; lastKnownFileType = file.xib; path = DrinkHeaderCollectionViewCell.xib; sourceTree = "<group>"; };
		46B28B2624C46FD20087F03D /* CellRegistrations+Extensions.swift */ = {isa = PBXFileReference; lastKnownFileType = sourcecode.swift; path = "CellRegistrations+Extensions.swift"; sourceTree = "<group>"; };
		46B28B2924C47D290087F03D /* HomeCollectionViewController.swift */ = {isa = PBXFileReference; lastKnownFileType = sourcecode.swift; path = HomeCollectionViewController.swift; sourceTree = "<group>"; };
		46B28B2D24C47D590087F03D /* HomeHeaderCollectionViewCell.swift */ = {isa = PBXFileReference; lastKnownFileType = sourcecode.swift; path = HomeHeaderCollectionViewCell.swift; sourceTree = "<group>"; };
		46B28B2E24C47D590087F03D /* HomeHeaderCollectionViewCell.xib */ = {isa = PBXFileReference; lastKnownFileType = file.xib; path = HomeHeaderCollectionViewCell.xib; sourceTree = "<group>"; };
		46B28B3324C4846D0087F03D /* HomeTitleCollectionViewCell.swift */ = {isa = PBXFileReference; lastKnownFileType = sourcecode.swift; path = HomeTitleCollectionViewCell.swift; sourceTree = "<group>"; };
		46B28B3424C4846D0087F03D /* HomeTitleCollectionViewCell.xib */ = {isa = PBXFileReference; lastKnownFileType = file.xib; path = HomeTitleCollectionViewCell.xib; sourceTree = "<group>"; };
		46B28B3824C485F30087F03D /* HomeDrinkCollectionViewCell.swift */ = {isa = PBXFileReference; lastKnownFileType = sourcecode.swift; path = HomeDrinkCollectionViewCell.swift; sourceTree = "<group>"; };
		46B28B3924C485F30087F03D /* HomeDrinkCollectionViewCell.xib */ = {isa = PBXFileReference; lastKnownFileType = file.xib; path = HomeDrinkCollectionViewCell.xib; sourceTree = "<group>"; };
		46B28B3C24C48C3D0087F03D /* AlcoholTypeCollectionViewController.swift */ = {isa = PBXFileReference; lastKnownFileType = sourcecode.swift; path = AlcoholTypeCollectionViewController.swift; sourceTree = "<group>"; };
		46E262A7249FA596005F70A4 /* Cocktail Factory.app */ = {isa = PBXFileReference; explicitFileType = wrapper.application; includeInIndex = 0; path = "Cocktail Factory.app"; sourceTree = BUILT_PRODUCTS_DIR; };
		46E262AA249FA596005F70A4 /* AppDelegate.swift */ = {isa = PBXFileReference; lastKnownFileType = sourcecode.swift; path = AppDelegate.swift; sourceTree = "<group>"; };
		46E262AC249FA596005F70A4 /* SceneDelegate.swift */ = {isa = PBXFileReference; lastKnownFileType = sourcecode.swift; path = SceneDelegate.swift; sourceTree = "<group>"; };
		46E262B1249FA596005F70A4 /* Base */ = {isa = PBXFileReference; lastKnownFileType = file.storyboard; name = Base; path = Base.lproj/Main.storyboard; sourceTree = "<group>"; };
		46E262B3249FA598005F70A4 /* Assets.xcassets */ = {isa = PBXFileReference; lastKnownFileType = folder.assetcatalog; path = Assets.xcassets; sourceTree = "<group>"; };
		46E262B6249FA598005F70A4 /* Base */ = {isa = PBXFileReference; lastKnownFileType = file.storyboard; name = Base; path = Base.lproj/LaunchScreen.storyboard; sourceTree = "<group>"; };
		46E262B8249FA598005F70A4 /* Info.plist */ = {isa = PBXFileReference; lastKnownFileType = text.plist.xml; path = Info.plist; sourceTree = "<group>"; };
		46E262C1249FC8EF005F70A4 /* GenericNetwork.swift */ = {isa = PBXFileReference; lastKnownFileType = sourcecode.swift; path = GenericNetwork.swift; sourceTree = "<group>"; };
		46E262C3249FD009005F70A4 /* GenericNetworkProtocol.swift */ = {isa = PBXFileReference; lastKnownFileType = sourcecode.swift; path = GenericNetworkProtocol.swift; sourceTree = "<group>"; };
		46E262C6249FD63A005F70A4 /* CategoryTableViewController.swift */ = {isa = PBXFileReference; lastKnownFileType = sourcecode.swift; path = CategoryTableViewController.swift; sourceTree = "<group>"; };
		46E262CA249FD6B7005F70A4 /* CategoryResponse.swift */ = {isa = PBXFileReference; lastKnownFileType = sourcecode.swift; path = CategoryResponse.swift; sourceTree = "<group>"; };
		46E262CC249FD6D6005F70A4 /* Drink.swift */ = {isa = PBXFileReference; lastKnownFileType = sourcecode.swift; path = Drink.swift; sourceTree = "<group>"; };
		46E262CF249FD7DB005F70A4 /* NetworkManager.swift */ = {isa = PBXFileReference; lastKnownFileType = sourcecode.swift; path = NetworkManager.swift; sourceTree = "<group>"; };
		46E262D2249FD87E005F70A4 /* NetworkManagerProtocol.swift */ = {isa = PBXFileReference; lastKnownFileType = sourcecode.swift; path = NetworkManagerProtocol.swift; sourceTree = "<group>"; };
/* End PBXFileReference section */

/* Begin PBXFrameworksBuildPhase section */
		46E262A4249FA596005F70A4 /* Frameworks */ = {
			isa = PBXFrameworksBuildPhase;
			buildActionMask = 2147483647;
			files = (
			);
			runOnlyForDeploymentPostprocessing = 0;
		};
/* End PBXFrameworksBuildPhase section */

/* Begin PBXGroup section */
		4685212324A07BBF006B9656 /* Helper */ = {
			isa = PBXGroup;
			children = (
				4685212424A07BE8006B9656 /* LocalReachability.swift */,
			);
			path = Helper;
			sourceTree = "<group>";
		};
		4685212624A0853D006B9656 /* Category */ = {
			isa = PBXGroup;
			children = (
				46E262C6249FD63A005F70A4 /* CategoryTableViewController.swift */,
				4685212724A08575006B9656 /* DrinkCollectionViewController.swift */,
			);
			path = Category;
			sourceTree = "<group>";
		};
		4685212924A086F1006B9656 /* Cell */ = {
			isa = PBXGroup;
			children = (
				46B28B2C24C47D460087F03D /* Home */,
				46B28B2B24C47D3E0087F03D /* Drink */,
				46B28B2024C463190087F03D /* Detail */,
			);
			path = Cell;
			sourceTree = "<group>";
		};
		4685212E24A08BFD006B9656 /* CategoryFilter */ = {
			isa = PBXGroup;
			children = (
				4685212F24A08C37006B9656 /* CategoryFilterResponse.swift */,
				4685213124A08C40006B9656 /* CategoryFilterDrinks.swift */,
			);
			path = CategoryFilter;
			sourceTree = "<group>";
		};
		4685213324A0AF72006B9656 /* Glass */ = {
			isa = PBXGroup;
			children = (
				4685213924A0B130006B9656 /* GlassTableViewController.swift */,
				4685213B24A0B1A5006B9656 /* GlassCollectionViewController.swift */,
			);
			path = Glass;
			sourceTree = "<group>";
		};
		4685213424A0AF7D006B9656 /* Glass */ = {
			isa = PBXGroup;
			children = (
				4685213524A0AF8A006B9656 /* GlassResponse.swift */,
				4685213724A0AFC5006B9656 /* Glass.swift */,
			);
			path = Glass;
			sourceTree = "<group>";
		};
		4685213D24A0BE4C006B9656 /* Random */ = {
			isa = PBXGroup;
			children = (
				4685214024A0BEB4006B9656 /* RandomCocktailResponse.swift */,
				4685214224A0BEC5006B9656 /* Cocktail.swift */,
			);
			path = Random;
			sourceTree = "<group>";
		};
		46B28B2024C463190087F03D /* Detail */ = {
			isa = PBXGroup;
			children = (
				46B28B2124C463860087F03D /* DrinkHeaderCollectionViewCell.swift */,
				46B28B2224C463860087F03D /* DrinkHeaderCollectionViewCell.xib */,
			);
			path = Detail;
			sourceTree = "<group>";
		};
		46B28B2524C46FBA0087F03D /* Extensions */ = {
			isa = PBXGroup;
			children = (
				46B28B2624C46FD20087F03D /* CellRegistrations+Extensions.swift */,
			);
			path = Extensions;
			sourceTree = "<group>";
		};
		46B28B2824C47D1A0087F03D /* Home */ = {
			isa = PBXGroup;
			children = (
				46B28B2924C47D290087F03D /* HomeCollectionViewController.swift */,
				46B28B3C24C48C3D0087F03D /* AlcoholTypeCollectionViewController.swift */,
			);
			path = Home;
			sourceTree = "<group>";
		};
		46B28B2B24C47D3E0087F03D /* Drink */ = {
			isa = PBXGroup;
			children = (
				4685212A24A08746006B9656 /* DrinkCollectionViewCell.swift */,
				4685212B24A08746006B9656 /* DrinkCollectionViewCell.xib */,
			);
			path = Drink;
			sourceTree = "<group>";
		};
		46B28B2C24C47D460087F03D /* Home */ = {
			isa = PBXGroup;
			children = (
				46B28B3724C485EA0087F03D /* Drink */,
				46B28B3224C484570087F03D /* HeaderTitle */,
				46B28B3124C4844D0087F03D /* Header */,
			);
			path = Home;
			sourceTree = "<group>";
		};
		46B28B3124C4844D0087F03D /* Header */ = {
			isa = PBXGroup;
			children = (
				46B28B2D24C47D590087F03D /* HomeHeaderCollectionViewCell.swift */,
				46B28B2E24C47D590087F03D /* HomeHeaderCollectionViewCell.xib */,
			);
			path = Header;
			sourceTree = "<group>";
		};
		46B28B3224C484570087F03D /* HeaderTitle */ = {
			isa = PBXGroup;
			children = (
				46B28B3324C4846D0087F03D /* HomeTitleCollectionViewCell.swift */,
				46B28B3424C4846D0087F03D /* HomeTitleCollectionViewCell.xib */,
			);
			path = HeaderTitle;
			sourceTree = "<group>";
		};
		46B28B3724C485EA0087F03D /* Drink */ = {
			isa = PBXGroup;
			children = (
				46B28B3824C485F30087F03D /* HomeDrinkCollectionViewCell.swift */,
				46B28B3924C485F30087F03D /* HomeDrinkCollectionViewCell.xib */,
			);
			path = Drink;
			sourceTree = "<group>";
		};
		46E2629E249FA596005F70A4 = {
			isa = PBXGroup;
			children = (
				46E262A9249FA596005F70A4 /* Cocktail Factory */,
				46E262A8249FA596005F70A4 /* Products */,
			);
			sourceTree = "<group>";
		};
		46E262A8249FA596005F70A4 /* Products */ = {
			isa = PBXGroup;
			children = (
				46E262A7249FA596005F70A4 /* Cocktail Factory.app */,
			);
			name = Products;
			sourceTree = "<group>";
		};
		46E262A9249FA596005F70A4 /* Cocktail Factory */ = {
			isa = PBXGroup;
			children = (
				46B28B2524C46FBA0087F03D /* Extensions */,
				4685212924A086F1006B9656 /* Cell */,
				4685212324A07BBF006B9656 /* Helper */,
				46E262C0249FBEBF005F70A4 /* ViewControllers */,
				46E262BF249FBEB9005F70A4 /* Model */,
				46E262BE249FBEB3005F70A4 /* Network */,
				46E262AA249FA596005F70A4 /* AppDelegate.swift */,
				46E262AC249FA596005F70A4 /* SceneDelegate.swift */,
				46E262B0249FA596005F70A4 /* Main.storyboard */,
				46E262B3249FA598005F70A4 /* Assets.xcassets */,
				46E262B5249FA598005F70A4 /* LaunchScreen.storyboard */,
				46E262B8249FA598005F70A4 /* Info.plist */,
			);
			path = "Cocktail Factory";
			sourceTree = "<group>";
		};
		46E262BE249FBEB3005F70A4 /* Network */ = {
			isa = PBXGroup;
			children = (
				46E262D1249FD870005F70A4 /* NetworkManager */,
				46E262C5249FD16E005F70A4 /* Generic */,
				4685212124A07A79006B9656 /* APIRoutes.swift */,
			);
			path = Network;
			sourceTree = "<group>";
		};
		46E262BF249FBEB9005F70A4 /* Model */ = {
			isa = PBXGroup;
			children = (
				46E262C9249FD6AB005F70A4 /* Response */,
				46E262C8249FD6A5005F70A4 /* Request */,
			);
			path = Model;
			sourceTree = "<group>";
		};
		46E262C0249FBEBF005F70A4 /* ViewControllers */ = {
			isa = PBXGroup;
			children = (
				46B28B2824C47D1A0087F03D /* Home */,
				4685213324A0AF72006B9656 /* Glass */,
				4685212624A0853D006B9656 /* Category */,
				46B28B1E24C393AE0087F03D /* DrinkDetailCollectionViewController.swift */,
			);
			path = ViewControllers;
			sourceTree = "<group>";
		};
		46E262C5249FD16E005F70A4 /* Generic */ = {
			isa = PBXGroup;
			children = (
				46E262C1249FC8EF005F70A4 /* GenericNetwork.swift */,
				46E262C3249FD009005F70A4 /* GenericNetworkProtocol.swift */,
			);
			path = Generic;
			sourceTree = "<group>";
		};
		46E262C8249FD6A5005F70A4 /* Request */ = {
			isa = PBXGroup;
			children = (
			);
			path = Request;
			sourceTree = "<group>";
		};
		46E262C9249FD6AB005F70A4 /* Response */ = {
			isa = PBXGroup;
			children = (
				4685213D24A0BE4C006B9656 /* Random */,
				4685213424A0AF7D006B9656 /* Glass */,
				4685212E24A08BFD006B9656 /* CategoryFilter */,
				46E262CE249FD78E005F70A4 /* Category */,
			);
			path = Response;
			sourceTree = "<group>";
		};
		46E262CE249FD78E005F70A4 /* Category */ = {
			isa = PBXGroup;
			children = (
				46E262CA249FD6B7005F70A4 /* CategoryResponse.swift */,
				46E262CC249FD6D6005F70A4 /* Drink.swift */,
			);
			path = Category;
			sourceTree = "<group>";
		};
		46E262D1249FD870005F70A4 /* NetworkManager */ = {
			isa = PBXGroup;
			children = (
				46E262CF249FD7DB005F70A4 /* NetworkManager.swift */,
				46E262D2249FD87E005F70A4 /* NetworkManagerProtocol.swift */,
			);
			path = NetworkManager;
			sourceTree = "<group>";
		};
/* End PBXGroup section */

/* Begin PBXNativeTarget section */
		46E262A6249FA596005F70A4 /* Cocktail Factory */ = {
			isa = PBXNativeTarget;
			buildConfigurationList = 46E262BB249FA598005F70A4 /* Build configuration list for PBXNativeTarget "Cocktail Factory" */;
			buildPhases = (
				46E262A3249FA596005F70A4 /* Sources */,
				46E262A4249FA596005F70A4 /* Frameworks */,
				46E262A5249FA596005F70A4 /* Resources */,
			);
			buildRules = (
			);
			dependencies = (
			);
			name = "Cocktail Factory";
			productName = "Cocktail Factory";
			productReference = 46E262A7249FA596005F70A4 /* Cocktail Factory.app */;
			productType = "com.apple.product-type.application";
		};
/* End PBXNativeTarget section */

/* Begin PBXProject section */
		46E2629F249FA596005F70A4 /* Project object */ = {
			isa = PBXProject;
			attributes = {
				LastSwiftUpdateCheck = 1150;
				LastUpgradeCheck = 1150;
				ORGANIZATIONNAME = "Nyan Lin Tun";
				TargetAttributes = {
					46E262A6249FA596005F70A4 = {
						CreatedOnToolsVersion = 11.5;
					};
				};
			};
			buildConfigurationList = 46E262A2249FA596005F70A4 /* Build configuration list for PBXProject "Cocktail Factory" */;
			compatibilityVersion = "Xcode 9.3";
			developmentRegion = en;
			hasScannedForEncodings = 0;
			knownRegions = (
				en,
				Base,
			);
			mainGroup = 46E2629E249FA596005F70A4;
			productRefGroup = 46E262A8249FA596005F70A4 /* Products */;
			projectDirPath = "";
			projectRoot = "";
			targets = (
				46E262A6249FA596005F70A4 /* Cocktail Factory */,
			);
		};
/* End PBXProject section */

/* Begin PBXResourcesBuildPhase section */
		46E262A5249FA596005F70A4 /* Resources */ = {
			isa = PBXResourcesBuildPhase;
			buildActionMask = 2147483647;
			files = (
				46B28B3B24C485F30087F03D /* HomeDrinkCollectionViewCell.xib in Resources */,
				46B28B3024C47D590087F03D /* HomeHeaderCollectionViewCell.xib in Resources */,
				46E262B7249FA598005F70A4 /* LaunchScreen.storyboard in Resources */,
				46E262B4249FA598005F70A4 /* Assets.xcassets in Resources */,
				46E262B2249FA596005F70A4 /* Main.storyboard in Resources */,
				46B28B3624C4846D0087F03D /* HomeTitleCollectionViewCell.xib in Resources */,
				4685212D24A08746006B9656 /* DrinkCollectionViewCell.xib in Resources */,
				46B28B2424C463860087F03D /* DrinkHeaderCollectionViewCell.xib in Resources */,
			);
			runOnlyForDeploymentPostprocessing = 0;
		};
/* End PBXResourcesBuildPhase section */

/* Begin PBXSourcesBuildPhase section */
		46E262A3249FA596005F70A4 /* Sources */ = {
			isa = PBXSourcesBuildPhase;
			buildActionMask = 2147483647;
			files = (
				46E262D0249FD7DB005F70A4 /* NetworkManager.swift in Sources */,
				4685214124A0BEB4006B9656 /* RandomCocktailResponse.swift in Sources */,
				4685213624A0AF8A006B9656 /* GlassResponse.swift in Sources */,
				46B28B2A24C47D290087F03D /* HomeCollectionViewController.swift in Sources */,
				4685213A24A0B130006B9656 /* GlassTableViewController.swift in Sources */,
				4685212224A07A79006B9656 /* APIRoutes.swift in Sources */,
				46E262AB249FA596005F70A4 /* AppDelegate.swift in Sources */,
				46B28B2724C46FD20087F03D /* CellRegistrations+Extensions.swift in Sources */,
				46B28B1F24C393AE0087F03D /* DrinkDetailCollectionViewController.swift in Sources */,
				4685213224A08C40006B9656 /* CategoryFilterDrinks.swift in Sources */,
				46E262CD249FD6D6005F70A4 /* Drink.swift in Sources */,
				46E262CB249FD6B7005F70A4 /* CategoryResponse.swift in Sources */,
				46B28B2F24C47D590087F03D /* HomeHeaderCollectionViewCell.swift in Sources */,
				46B28B3524C4846D0087F03D /* HomeTitleCollectionViewCell.swift in Sources */,
				4685212824A08575006B9656 /* DrinkCollectionViewController.swift in Sources */,
				46E262C2249FC8EF005F70A4 /* GenericNetwork.swift in Sources */,
				46B28B3D24C48C3D0087F03D /* AlcoholTypeCollectionViewController.swift in Sources */,
				46E262C4249FD009005F70A4 /* GenericNetworkProtocol.swift in Sources */,
				4685212C24A08746006B9656 /* DrinkCollectionViewCell.swift in Sources */,
				46E262AD249FA596005F70A4 /* SceneDelegate.swift in Sources */,
				4685214324A0BEC5006B9656 /* Cocktail.swift in Sources */,
				4685213024A08C37006B9656 /* CategoryFilterResponse.swift in Sources */,
				4685213824A0AFC5006B9656 /* Glass.swift in Sources */,
				46E262D3249FD87E005F70A4 /* NetworkManagerProtocol.swift in Sources */,
				46B28B2324C463860087F03D /* DrinkHeaderCollectionViewCell.swift in Sources */,
				46B28B3A24C485F30087F03D /* HomeDrinkCollectionViewCell.swift in Sources */,
				4685212524A07BE8006B9656 /* LocalReachability.swift in Sources */,
				46E262C7249FD63A005F70A4 /* CategoryTableViewController.swift in Sources */,
				4685213C24A0B1A5006B9656 /* GlassCollectionViewController.swift in Sources */,
			);
			runOnlyForDeploymentPostprocessing = 0;
		};
/* End PBXSourcesBuildPhase section */

/* Begin PBXVariantGroup section */
		46E262B0249FA596005F70A4 /* Main.storyboard */ = {
			isa = PBXVariantGroup;
			children = (
				46E262B1249FA596005F70A4 /* Base */,
			);
			name = Main.storyboard;
			sourceTree = "<group>";
		};
		46E262B5249FA598005F70A4 /* LaunchScreen.storyboard */ = {
			isa = PBXVariantGroup;
			children = (
				46E262B6249FA598005F70A4 /* Base */,
			);
			name = LaunchScreen.storyboard;
			sourceTree = "<group>";
		};
/* End PBXVariantGroup section */

/* Begin XCBuildConfiguration section */
		46E262B9249FA598005F70A4 /* Debug */ = {
			isa = XCBuildConfiguration;
			buildSettings = {
				ALWAYS_SEARCH_USER_PATHS = NO;
				CLANG_ANALYZER_NONNULL = YES;
				CLANG_ANALYZER_NUMBER_OBJECT_CONVERSION = YES_AGGRESSIVE;
				CLANG_CXX_LANGUAGE_STANDARD = "gnu++14";
				CLANG_CXX_LIBRARY = "libc++";
				CLANG_ENABLE_MODULES = YES;
				CLANG_ENABLE_OBJC_ARC = YES;
				CLANG_ENABLE_OBJC_WEAK = YES;
				CLANG_WARN_BLOCK_CAPTURE_AUTORELEASING = YES;
				CLANG_WARN_BOOL_CONVERSION = YES;
				CLANG_WARN_COMMA = YES;
				CLANG_WARN_CONSTANT_CONVERSION = YES;
				CLANG_WARN_DEPRECATED_OBJC_IMPLEMENTATIONS = YES;
				CLANG_WARN_DIRECT_OBJC_ISA_USAGE = YES_ERROR;
				CLANG_WARN_DOCUMENTATION_COMMENTS = YES;
				CLANG_WARN_EMPTY_BODY = YES;
				CLANG_WARN_ENUM_CONVERSION = YES;
				CLANG_WARN_INFINITE_RECURSION = YES;
				CLANG_WARN_INT_CONVERSION = YES;
				CLANG_WARN_NON_LITERAL_NULL_CONVERSION = YES;
				CLANG_WARN_OBJC_IMPLICIT_RETAIN_SELF = YES;
				CLANG_WARN_OBJC_LITERAL_CONVERSION = YES;
				CLANG_WARN_OBJC_ROOT_CLASS = YES_ERROR;
				CLANG_WARN_RANGE_LOOP_ANALYSIS = YES;
				CLANG_WARN_STRICT_PROTOTYPES = YES;
				CLANG_WARN_SUSPICIOUS_MOVE = YES;
				CLANG_WARN_UNGUARDED_AVAILABILITY = YES_AGGRESSIVE;
				CLANG_WARN_UNREACHABLE_CODE = YES;
				CLANG_WARN__DUPLICATE_METHOD_MATCH = YES;
				COPY_PHASE_STRIP = NO;
				DEBUG_INFORMATION_FORMAT = dwarf;
				ENABLE_STRICT_OBJC_MSGSEND = YES;
				ENABLE_TESTABILITY = YES;
				GCC_C_LANGUAGE_STANDARD = gnu11;
				GCC_DYNAMIC_NO_PIC = NO;
				GCC_NO_COMMON_BLOCKS = YES;
				GCC_OPTIMIZATION_LEVEL = 0;
				GCC_PREPROCESSOR_DEFINITIONS = (
					"DEBUG=1",
					"$(inherited)",
				);
				GCC_WARN_64_TO_32_BIT_CONVERSION = YES;
				GCC_WARN_ABOUT_RETURN_TYPE = YES_ERROR;
				GCC_WARN_UNDECLARED_SELECTOR = YES;
				GCC_WARN_UNINITIALIZED_AUTOS = YES_AGGRESSIVE;
				GCC_WARN_UNUSED_FUNCTION = YES;
				GCC_WARN_UNUSED_VARIABLE = YES;
				IPHONEOS_DEPLOYMENT_TARGET = 13.5;
				MTL_ENABLE_DEBUG_INFO = INCLUDE_SOURCE;
				MTL_FAST_MATH = YES;
				ONLY_ACTIVE_ARCH = YES;
				SDKROOT = iphoneos;
				SWIFT_ACTIVE_COMPILATION_CONDITIONS = DEBUG;
				SWIFT_OPTIMIZATION_LEVEL = "-Onone";
			};
			name = Debug;
		};
		46E262BA249FA598005F70A4 /* Release */ = {
			isa = XCBuildConfiguration;
			buildSettings = {
				ALWAYS_SEARCH_USER_PATHS = NO;
				CLANG_ANALYZER_NONNULL = YES;
				CLANG_ANALYZER_NUMBER_OBJECT_CONVERSION = YES_AGGRESSIVE;
				CLANG_CXX_LANGUAGE_STANDARD = "gnu++14";
				CLANG_CXX_LIBRARY = "libc++";
				CLANG_ENABLE_MODULES = YES;
				CLANG_ENABLE_OBJC_ARC = YES;
				CLANG_ENABLE_OBJC_WEAK = YES;
				CLANG_WARN_BLOCK_CAPTURE_AUTORELEASING = YES;
				CLANG_WARN_BOOL_CONVERSION = YES;
				CLANG_WARN_COMMA = YES;
				CLANG_WARN_CONSTANT_CONVERSION = YES;
				CLANG_WARN_DEPRECATED_OBJC_IMPLEMENTATIONS = YES;
				CLANG_WARN_DIRECT_OBJC_ISA_USAGE = YES_ERROR;
				CLANG_WARN_DOCUMENTATION_COMMENTS = YES;
				CLANG_WARN_EMPTY_BODY = YES;
				CLANG_WARN_ENUM_CONVERSION = YES;
				CLANG_WARN_INFINITE_RECURSION = YES;
				CLANG_WARN_INT_CONVERSION = YES;
				CLANG_WARN_NON_LITERAL_NULL_CONVERSION = YES;
				CLANG_WARN_OBJC_IMPLICIT_RETAIN_SELF = YES;
				CLANG_WARN_OBJC_LITERAL_CONVERSION = YES;
				CLANG_WARN_OBJC_ROOT_CLASS = YES_ERROR;
				CLANG_WARN_RANGE_LOOP_ANALYSIS = YES;
				CLANG_WARN_STRICT_PROTOTYPES = YES;
				CLANG_WARN_SUSPICIOUS_MOVE = YES;
				CLANG_WARN_UNGUARDED_AVAILABILITY = YES_AGGRESSIVE;
				CLANG_WARN_UNREACHABLE_CODE = YES;
				CLANG_WARN__DUPLICATE_METHOD_MATCH = YES;
				COPY_PHASE_STRIP = NO;
				DEBUG_INFORMATION_FORMAT = "dwarf-with-dsym";
				ENABLE_NS_ASSERTIONS = NO;
				ENABLE_STRICT_OBJC_MSGSEND = YES;
				GCC_C_LANGUAGE_STANDARD = gnu11;
				GCC_NO_COMMON_BLOCKS = YES;
				GCC_WARN_64_TO_32_BIT_CONVERSION = YES;
				GCC_WARN_ABOUT_RETURN_TYPE = YES_ERROR;
				GCC_WARN_UNDECLARED_SELECTOR = YES;
				GCC_WARN_UNINITIALIZED_AUTOS = YES_AGGRESSIVE;
				GCC_WARN_UNUSED_FUNCTION = YES;
				GCC_WARN_UNUSED_VARIABLE = YES;
				IPHONEOS_DEPLOYMENT_TARGET = 13.5;
				MTL_ENABLE_DEBUG_INFO = NO;
				MTL_FAST_MATH = YES;
				SDKROOT = iphoneos;
				SWIFT_COMPILATION_MODE = wholemodule;
				SWIFT_OPTIMIZATION_LEVEL = "-O";
				VALIDATE_PRODUCT = YES;
			};
			name = Release;
		};
		46E262BC249FA598005F70A4 /* Debug */ = {
			isa = XCBuildConfiguration;
			buildSettings = {
				ASSETCATALOG_COMPILER_APPICON_NAME = AppIcon;
				CODE_SIGN_STYLE = Automatic;
				DEVELOPMENT_TEAM = D5GPZ6WYCA;
				INFOPLIST_FILE = "Cocktail Factory/Info.plist";
				LD_RUNPATH_SEARCH_PATHS = (
					"$(inherited)",
					"@executable_path/Frameworks",
				);
				PRODUCT_BUNDLE_IDENTIFIER = "me.nyanlintun.Cocktail-Factory";
				PRODUCT_NAME = "$(TARGET_NAME)";
				SWIFT_VERSION = 5.0;
				TARGETED_DEVICE_FAMILY = "1,2";
			};
			name = Debug;
		};
		46E262BD249FA598005F70A4 /* Release */ = {
			isa = XCBuildConfiguration;
			buildSettings = {
				ASSETCATALOG_COMPILER_APPICON_NAME = AppIcon;
				CODE_SIGN_STYLE = Automatic;
				DEVELOPMENT_TEAM = D5GPZ6WYCA;
				INFOPLIST_FILE = "Cocktail Factory/Info.plist";
				LD_RUNPATH_SEARCH_PATHS = (
					"$(inherited)",
					"@executable_path/Frameworks",
				);
				PRODUCT_BUNDLE_IDENTIFIER = "me.nyanlintun.Cocktail-Factory";
				PRODUCT_NAME = "$(TARGET_NAME)";
				SWIFT_VERSION = 5.0;
				TARGETED_DEVICE_FAMILY = "1,2";
			};
			name = Release;
		};
/* End XCBuildConfiguration section */

/* Begin XCConfigurationList section */
		46E262A2249FA596005F70A4 /* Build configuration list for PBXProject "Cocktail Factory" */ = {
			isa = XCConfigurationList;
			buildConfigurations = (
				46E262B9249FA598005F70A4 /* Debug */,
				46E262BA249FA598005F70A4 /* Release */,
			);
			defaultConfigurationIsVisible = 0;
			defaultConfigurationName = Release;
		};
		46E262BB249FA598005F70A4 /* Build configuration list for PBXNativeTarget "Cocktail Factory" */ = {
			isa = XCConfigurationList;
			buildConfigurations = (
				46E262BC249FA598005F70A4 /* Debug */,
				46E262BD249FA598005F70A4 /* Release */,
			);
			defaultConfigurationIsVisible = 0;
			defaultConfigurationName = Release;
		};
/* End XCConfigurationList section */
	};
	rootObject = 46E2629F249FA596005F70A4 /* Project object */;
}
